{
    "_meta": {
        "hash": {
            "sha256": "27cad876412999c50426e3fca25f13cc0a331c98fcdcfa7d981c8e70c10fa279"
        },
        "pipfile-spec": 6,
        "requires": {
            "python_version": "3.11"
        },
        "sources": [
            {
                "name": "pypi",
                "url": "https://pypi.org/simple",
                "verify_ssl": true
            }
        ]
    },
    "default": {},
    "develop": {}
}
